
Microsoft Visual Studio Solution File, Format Version 12.00
# Visual Studio 14
VisualStudioVersion = 14.0.24720.0
MinimumVisualStudioVersion = 10.0.40219.1
Project("{FAE04EC0-301F-11D3-BF4B-00C04F79EFBC}") = "Bellwether", "Bellwether\Bellwether.csproj", "{241502F6-6698-42FE-971D-0DFDB278BB38}"
EndProject
Project("{2150E333-8FDC-42A3-9474-1A3956D46DE8}") = "Solution Items", "Solution Items", "{3592DFFF-ADC3-4FFE-AAC9-14B3383D5825}"
	ProjectSection(SolutionItems) = preProject
		UsedSiteLinks.txt = UsedSiteLinks.txt
	EndProjectSection
EndProject
Project("{FAE04EC0-301F-11D3-BF4B-00C04F79EFBC}") = "Bellwether.Repositories", "Bellwether.Repositories\Bellwether.Repositories.csproj", "{B4DD2FDA-9582-4CC3-8E7A-658B7BD82C54}"
EndProject
Project("{FAE04EC0-301F-11D3-BF4B-00C04F79EFBC}") = "Bellwether.Models", "Bellwether.Models\Bellwether.Models.csproj", "{EA549CC4-DA8D-4299-BB9B-F904F5BC9D49}"
EndProject
Project("{FAE04EC0-301F-11D3-BF4B-00C04F79EFBC}") = "Bellwether.Services", "Bellwether.Services\Bellwether.Services.csproj", "{53B54C6B-8BF7-4990-BF01-0B54B4D92CF3}"
EndProject
Project("{FAE04EC0-301F-11D3-BF4B-00C04F79EFBC}") = "Bellwether.Resources", "Bellwether.Resources\Bellwether.Resources.csproj", "{D850AFFB-12B6-45EB-88E4-1866B1BCD9A4}"
EndProject
Global
	GlobalSection(SolutionConfigurationPlatforms) = preSolution
		Debug|Any CPU = Debug|Any CPU
		Debug|ARM = Debug|ARM
		Debug|x64 = Debug|x64
		Debug|x86 = Debug|x86
		Release|Any CPU = Release|Any CPU
		Release|ARM = Release|ARM
		Release|x64 = Release|x64
		Release|x86 = Release|x86
	EndGlobalSection
	GlobalSection(ProjectConfigurationPlatforms) = postSolution
		{241502F6-6698-42FE-971D-0DFDB278BB38}.Debug|Any CPU.ActiveCfg = Debug|x86
		{241502F6-6698-42FE-971D-0DFDB278BB38}.Debug|ARM.ActiveCfg = Debug|ARM
		{241502F6-6698-42FE-971D-0DFDB278BB38}.Debug|ARM.Build.0 = Debug|ARM
		{241502F6-6698-42FE-971D-0DFDB278BB38}.Debug|ARM.Deploy.0 = Debug|ARM
		{241502F6-6698-42FE-971D-0DFDB278BB38}.Debug|x64.ActiveCfg = Debug|x64
		{241502F6-6698-42FE-971D-0DFDB278BB38}.Debug|x64.Build.0 = Debug|x64
		{241502F6-6698-42FE-971D-0DFDB278BB38}.Debug|x64.Deploy.0 = Debug|x64
		{241502F6-6698-42FE-971D-0DFDB278BB38}.Debug|x86.ActiveCfg = Debug|x86
		{241502F6-6698-42FE-971D-0DFDB278BB38}.Debug|x86.Build.0 = Debug|x86
		{241502F6-6698-42FE-971D-0DFDB278BB38}.Debug|x86.Deploy.0 = Debug|x86
		{241502F6-6698-42FE-971D-0DFDB278BB38}.Release|Any CPU.ActiveCfg = Release|x86
		{241502F6-6698-42FE-971D-0DFDB278BB38}.Release|ARM.ActiveCfg = Release|ARM
		{241502F6-6698-42FE-971D-0DFDB278BB38}.Release|ARM.Build.0 = Release|ARM
		{241502F6-6698-42FE-971D-0DFDB278BB38}.Release|ARM.Deploy.0 = Release|ARM
		{241502F6-6698-42FE-971D-0DFDB278BB38}.Release|x64.ActiveCfg = Release|x64
		{241502F6-6698-42FE-971D-0DFDB278BB38}.Release|x64.Build.0 = Release|x64
		{241502F6-6698-42FE-971D-0DFDB278BB38}.Release|x64.Deploy.0 = Release|x64
		{241502F6-6698-42FE-971D-0DFDB278BB38}.Release|x86.ActiveCfg = Release|x86
		{241502F6-6698-42FE-971D-0DFDB278BB38}.Release|x86.Build.0 = Release|x86
		{241502F6-6698-42FE-971D-0DFDB278BB38}.Release|x86.Deploy.0 = Release|x86
		{B4DD2FDA-9582-4CC3-8E7A-658B7BD82C54}.Debug|Any CPU.ActiveCfg = Debug|Any CPU
		{B4DD2FDA-9582-4CC3-8E7A-658B7BD82C54}.Debug|Any CPU.Build.0 = Debug|Any CPU
		{B4DD2FDA-9582-4CC3-8E7A-658B7BD82C54}.Debug|ARM.ActiveCfg = Debug|ARM
		{B4DD2FDA-9582-4CC3-8E7A-658B7BD82C54}.Debug|ARM.Build.0 = Debug|ARM
		{B4DD2FDA-9582-4CC3-8E7A-658B7BD82C54}.Debug|x64.ActiveCfg = Debug|x64
		{B4DD2FDA-9582-4CC3-8E7A-658B7BD82C54}.Debug|x64.Build.0 = Debug|x64
		{B4DD2FDA-9582-4CC3-8E7A-658B7BD82C54}.Debug|x86.ActiveCfg = Debug|x86
		{B4DD2FDA-9582-4CC3-8E7A-658B7BD82C54}.Debug|x86.Build.0 = Debug|x86
		{B4DD2FDA-9582-4CC3-8E7A-658B7BD82C54}.Release|Any CPU.ActiveCfg = Release|Any CPU
		{B4DD2FDA-9582-4CC3-8E7A-658B7BD82C54}.Release|Any CPU.Build.0 = Release|Any CPU
		{B4DD2FDA-9582-4CC3-8E7A-658B7BD82C54}.Release|ARM.ActiveCfg = Release|ARM
		{B4DD2FDA-9582-4CC3-8E7A-658B7BD82C54}.Release|ARM.Build.0 = Release|ARM
		{B4DD2FDA-9582-4CC3-8E7A-658B7BD82C54}.Release|x64.ActiveCfg = Release|x64
		{B4DD2FDA-9582-4CC3-8E7A-658B7BD82C54}.Release|x64.Build.0 = Release|x64
		{B4DD2FDA-9582-4CC3-8E7A-658B7BD82C54}.Release|x86.ActiveCfg = Release|x86
		{B4DD2FDA-9582-4CC3-8E7A-658B7BD82C54}.Release|x86.Build.0 = Release|x86
		{EA549CC4-DA8D-4299-BB9B-F904F5BC9D49}.Debug|Any CPU.ActiveCfg = Debug|Any CPU
		{EA549CC4-DA8D-4299-BB9B-F904F5BC9D49}.Debug|Any CPU.Build.0 = Debug|Any CPU
		{EA549CC4-DA8D-4299-BB9B-F904F5BC9D49}.Debug|ARM.ActiveCfg = Debug|Any CPU
		{EA549CC4-DA8D-4299-BB9B-F904F5BC9D49}.Debug|ARM.Build.0 = Debug|Any CPU
		{EA549CC4-DA8D-4299-BB9B-F904F5BC9D49}.Debug|x64.ActiveCfg = Debug|Any CPU
		{EA549CC4-DA8D-4299-BB9B-F904F5BC9D49}.Debug|x64.Build.0 = Debug|Any CPU
		{EA549CC4-DA8D-4299-BB9B-F904F5BC9D49}.Debug|x86.ActiveCfg = Debug|Any CPU
		{EA549CC4-DA8D-4299-BB9B-F904F5BC9D49}.Debug|x86.Build.0 = Debug|Any CPU
		{EA549CC4-DA8D-4299-BB9B-F904F5BC9D49}.Release|Any CPU.ActiveCfg = Release|Any CPU
		{EA549CC4-DA8D-4299-BB9B-F904F5BC9D49}.Release|Any CPU.Build.0 = Release|Any CPU
		{EA549CC4-DA8D-4299-BB9B-F904F5BC9D49}.Release|ARM.ActiveCfg = Release|Any CPU
		{EA549CC4-DA8D-4299-BB9B-F904F5BC9D49}.Release|ARM.Build.0 = Release|Any CPU
		{EA549CC4-DA8D-4299-BB9B-F904F5BC9D49}.Release|x64.ActiveCfg = Release|Any CPU
		{EA549CC4-DA8D-4299-BB9B-F904F5BC9D49}.Release|x64.Build.0 = Release|Any CPU
		{EA549CC4-DA8D-4299-BB9B-F904F5BC9D49}.Release|x86.ActiveCfg = Release|Any CPU
		{EA549CC4-DA8D-4299-BB9B-F904F5BC9D49}.Release|x86.Build.0 = Release|Any CPU
		{53B54C6B-8BF7-4990-BF01-0B54B4D92CF3}.Debug|Any CPU.ActiveCfg = Debug|Any CPU
		{53B54C6B-8BF7-4990-BF01-0B54B4D92CF3}.Debug|Any CPU.Build.0 = Debug|Any CPU
		{53B54C6B-8BF7-4990-BF01-0B54B4D92CF3}.Debug|ARM.ActiveCfg = Debug|ARM
		{53B54C6B-8BF7-4990-BF01-0B54B4D92CF3}.Debug|ARM.Build.0 = Debug|ARM
		{53B54C6B-8BF7-4990-BF01-0B54B4D92CF3}.Debug|x64.ActiveCfg = Debug|x64
		{53B54C6B-8BF7-4990-BF01-0B54B4D92CF3}.Debug|x64.Build.0 = Debug|x64
		{53B54C6B-8BF7-4990-BF01-0B54B4D92CF3}.Debug|x86.ActiveCfg = Debug|x86
		{53B54C6B-8BF7-4990-BF01-0B54B4D92CF3}.Debug|x86.Build.0 = Debug|x86
		{53B54C6B-8BF7-4990-BF01-0B54B4D92CF3}.Release|Any CPU.ActiveCfg = Release|Any CPU
		{53B54C6B-8BF7-4990-BF01-0B54B4D92CF3}.Release|Any CPU.Build.0 = Release|Any CPU
		{53B54C6B-8BF7-4990-BF01-0B54B4D92CF3}.Release|ARM.ActiveCfg = Release|ARM
		{53B54C6B-8BF7-4990-BF01-0B54B4D92CF3}.Release|ARM.Build.0 = Release|ARM
		{53B54C6B-8BF7-4990-BF01-0B54B4D92CF3}.Release|x64.ActiveCfg = Release|x64
		{53B54C6B-8BF7-4990-BF01-0B54B4D92CF3}.Release|x64.Build.0 = Release|x64
		{53B54C6B-8BF7-4990-BF01-0B54B4D92CF3}.Release|x86.ActiveCfg = Release|x86
		{53B54C6B-8BF7-4990-BF01-0B54B4D92CF3}.Release|x86.Build.0 = Release|x86
		{D850AFFB-12B6-45EB-88E4-1866B1BCD9A4}.Debug|Any CPU.ActiveCfg = Debug|Any CPU
		{D850AFFB-12B6-45EB-88E4-1866B1BCD9A4}.Debug|Any CPU.Build.0 = Debug|Any CPU
		{D850AFFB-12B6-45EB-88E4-1866B1BCD9A4}.Debug|ARM.ActiveCfg = Debug|ARM
		{D850AFFB-12B6-45EB-88E4-1866B1BCD9A4}.Debug|ARM.Build.0 = Debug|ARM
		{D850AFFB-12B6-45EB-88E4-1866B1BCD9A4}.Debug|x64.ActiveCfg = Debug|x64
		{D850AFFB-12B6-45EB-88E4-1866B1BCD9A4}.Debug|x64.Build.0 = Debug|x64
		{D850AFFB-12B6-45EB-88E4-1866B1BCD9A4}.Debug|x86.ActiveCfg = Debug|x86
		{D850AFFB-12B6-45EB-88E4-1866B1BCD9A4}.Debug|x86.Build.0 = Debug|x86
		{D850AFFB-12B6-45EB-88E4-1866B1BCD9A4}.Release|Any CPU.ActiveCfg = Release|Any CPU
		{D850AFFB-12B6-45EB-88E4-1866B1BCD9A4}.Release|Any CPU.Build.0 = Release|Any CPU
		{D850AFFB-12B6-45EB-88E4-1866B1BCD9A4}.Release|ARM.ActiveCfg = Release|ARM
		{D850AFFB-12B6-45EB-88E4-1866B1BCD9A4}.Release|ARM.Build.0 = Release|ARM
		{D850AFFB-12B6-45EB-88E4-1866B1BCD9A4}.Release|x64.ActiveCfg = Release|x64
		{D850AFFB-12B6-45EB-88E4-1866B1BCD9A4}.Release|x64.Build.0 = Release|x64
		{D850AFFB-12B6-45EB-88E4-1866B1BCD9A4}.Release|x86.ActiveCfg = Release|x86
		{D850AFFB-12B6-45EB-88E4-1866B1BCD9A4}.Release|x86.Build.0 = Release|x86
	EndGlobalSection
	GlobalSection(SolutionProperties) = preSolution
		HideSolutionNode = FALSE
	EndGlobalSection
EndGlobal
